
Microsoft Visual Studio Solution File, Format Version 12.00
# Visual Studio 15
VisualStudioVersion = 15.0.28307.421
MinimumVisualStudioVersion = 10.0.40219.1
Project("{FAE04EC0-301F-11D3-BF4B-00C04F79EFBC}") = "ExecBacktracking.Cli", "ExecBacktracking.Cli\ExecBacktracking.Cli.csproj", "{B7A6725A-5C76-4686-B6A2-F688AEB57496}"
EndProject
Project("{FAE04EC0-301F-11D3-BF4B-00C04F79EFBC}") = "Backtracking", "Backtracking\Backtracking.csproj", "{8E9BFF3C-ECDA-4526-B93A-FE3860A06814}"
EndProject
Global
	GlobalSection(SolutionConfigurationPlatforms) = preSolution
		Debug|Any CPU = Debug|Any CPU
		Release|Any CPU = Release|Any CPU
	EndGlobalSection
	GlobalSection(ProjectConfigurationPlatforms) = postSolution
		{B7A6725A-5C76-4686-B6A2-F688AEB57496}.Debug|Any CPU.ActiveCfg = Debug|Any CPU
		{B7A6725A-5C76-4686-B6A2-F688AEB57496}.Debug|Any CPU.Build.0 = Debug|Any CPU
		{B7A6725A-5C76-4686-B6A2-F688AEB57496}.Release|Any CPU.ActiveCfg = Release|Any CPU
		{B7A6725A-5C76-4686-B6A2-F688AEB57496}.Release|Any CPU.Build.0 = Release|Any CPU
		{8E9BFF3C-ECDA-4526-B93A-FE3860A06814}.Debug|Any CPU.ActiveCfg = Debug|Any CPU
		{8E9BFF3C-ECDA-4526-B93A-FE3860A06814}.Debug|Any CPU.Build.0 = Debug|Any CPU
		{8E9BFF3C-ECDA-4526-B93A-FE3860A06814}.Release|Any CPU.ActiveCfg = Release|Any CPU
		{8E9BFF3C-ECDA-4526-B93A-FE3860A06814}.Release|Any CPU.Build.0 = Release|Any CPU
	EndGlobalSection
	GlobalSection(SolutionProperties) = preSolution
		HideSolutionNode = FALSE
	EndGlobalSection
	GlobalSection(ExtensibilityGlobals) = postSolution
		SolutionGuid = {08DB1AAD-EC85-40F1-B5CE-E01FD64D1C95}
	EndGlobalSection
EndGlobal
